
Microsoft Visual Studio Solution File, Format Version 12.00
# Visual Studio Version 17
VisualStudioVersion = 17.13.35818.85 d17.13
MinimumVisualStudioVersion = 10.0.40219.1
Project("{8BC9CEB8-8B4A-11D0-8D11-00A0C91BC942}") = "Day06", "Day06\Day06.vcxproj", "{4C16236E-E044-40B4-AF25-8828B806FC6A}"
EndProject
Global
	GlobalSection(SolutionConfigurationPlatforms) = preSolution
		Debug|x64 = Debug|x64
		Debug|x86 = Debug|x86
		Release|x64 = Release|x64
		Release|x86 = Release|x86
	EndGlobalSection
	GlobalSection(ProjectConfigurationPlatforms) = postSolution
		{4C16236E-E044-40B4-AF25-8828B806FC6A}.Debug|x64.ActiveCfg = Debug|x64
		{4C16236E-E044-40B4-AF25-8828B806FC6A}.Debug|x64.Build.0 = Debug|x64
		{4C16236E-E044-40B4-AF25-8828B806FC6A}.Debug|x86.ActiveCfg = Debug|Win32
		{4C16236E-E044-40B4-AF25-8828B806FC6A}.Debug|x86.Build.0 = Debug|Win32
		{4C16236E-E044-40B4-AF25-8828B806FC6A}.Release|x64.ActiveCfg = Release|x64
		{4C16236E-E044-40B4-AF25-8828B806FC6A}.Release|x64.Build.0 = Release|x64
		{4C16236E-E044-40B4-AF25-8828B806FC6A}.Release|x86.ActiveCfg = Release|Win32
		{4C16236E-E044-40B4-AF25-8828B806FC6A}.Release|x86.Build.0 = Release|Win32
	EndGlobalSection
	GlobalSection(SolutionProperties) = preSolution
		HideSolutionNode = FALSE
	EndGlobalSection
	GlobalSection(ExtensibilityGlobals) = postSolution
		SolutionGuid = {5AFC2FA6-8890-470D-8048-F01D966720E5}
	EndGlobalSection
EndGlobal
